{
  "name": "keeper",
  "version": "0.0.1",
  "lockfileVersion": 1,
  "requires": true,
  "dependencies": {
    "body-parser": {
      "version": "1.0.2",
      "resolved": "https://registry.npmjs.org/body-parser/-/body-parser-1.0.2.tgz",
      "integrity": "sha1-NGFHmjJ4/gD8rr7DMUu1T8T3tHw=",
      "requires": {
        "qs": "~0.6.6",
        "raw-body": "~1.1.2",
        "type-is": "~1.1.0"
      },
      "dependencies": {
        "qs": {
          "version": "0.6.6",
          "resolved": "https://registry.npmjs.org/qs/-/qs-0.6.6.tgz",
          "integrity": "sha1-bgFQmP9RlouKPIGQAdXyyJvEsQc="
        },
        "raw-body": {
          "version": "1.1.7",
          "resolved": "https://registry.npmjs.org/raw-body/-/raw-body-1.1.7.tgz",
          "integrity": "sha1-HQJ8K/oRasxmI7yo8AAWVyqH1CU=",
          "requires": {
            "bytes": "1",
            "string_decoder": "0.10"
          },
          "dependencies": {
            "bytes": {
              "version": "1.0.0",
              "resolved": "https://registry.npmjs.org/bytes/-/bytes-1.0.0.tgz",
              "integrity": "sha1-NWnt6Lo0MV+rmcPpLLBMciDeH6g="
            },
            "string_decoder": {
              "version": "0.10.31",
              "resolved": "https://registry.npmjs.org/string_decoder/-/string_decoder-0.10.31.tgz",
              "integrity": "sha1-YuIDvEF2bGwoyfyEMB2rHFMQ+pQ="
            }
          }
        },
        "type-is": {
          "version": "1.1.0",
          "resolved": "https://registry.npmjs.org/type-is/-/type-is-1.1.0.tgz",
          "integrity": "sha1-0CReyLJnZmjVndDPMlUGBnalfbY=",
          "requires": {
            "mime": "~1.2.11"
          },
          "dependencies": {
            "mime": {
              "version": "1.2.11",
              "resolved": "https://registry.npmjs.org/mime/-/mime-1.2.11.tgz",
              "integrity": "sha1-WCA+7Ybjpe8XrtK32evUfwpg3RA="
            }
          }
        }
      }
    },
    "connect-flash": {
      "version": "0.1.1",
      "resolved": "https://registry.npmjs.org/connect-flash/-/connect-flash-0.1.1.tgz",
      "integrity": "sha1-2GMPJtlaf4UfmVax6MxnMvO2qjA="
    },
    "cookie-parser": {
      "version": "1.0.1",
      "resolved": "https://registry.npmjs.org/cookie-parser/-/cookie-parser-1.0.1.tgz",
      "integrity": "sha1-F71iLJcXzQhYqRKp/vTANiNgp7A=",
      "requires": {
        "cookie": "0.1.0",
        "cookie-signature": "1.0.3"
      },
      "dependencies": {
        "cookie": {
          "version": "0.1.0",
          "resolved": "https://registry.npmjs.org/cookie/-/cookie-0.1.0.tgz",
          "integrity": "sha1-kOtGndzpBchm3mh+/EMTHYgB+dA="
        },
        "cookie-signature": {
          "version": "1.0.3",
          "resolved": "https://registry.npmjs.org/cookie-signature/-/cookie-signature-1.0.3.tgz",
          "integrity": "sha1-kc2ZfMUftkFZVzjGnNoCAyj1D/k="
        }
      }
    },
    "debug": {
      "version": "0.7.4",
      "resolved": "https://registry.npmjs.org/debug/-/debug-0.7.4.tgz",
      "integrity": "sha1-BuHqgILCyxTjmAbiLi9vdX+Srzk="
    },
    "express": {
      "version": "4.0.0",
      "resolved": "https://registry.npmjs.org/express/-/express-4.0.0.tgz",
      "integrity": "sha1-J03IKTPJ9XTMOKDOXqgXK+nGsJQ=",
      "requires": {
        "accepts": "1.0.0",
        "buffer-crc32": "0.2.1",
        "cookie": "0.1.0",
        "cookie-signature": "1.0.3",
        "debug": ">= 0.7.3 < 1",
        "escape-html": "1.0.1",
        "fresh": "0.2.2",
        "merge-descriptors": "0.0.2",
        "methods": "0.1.0",
        "parseurl": "1.0.1",
        "path-to-regexp": "0.1.2",
        "qs": "0.6.6",
        "range-parser": "1.0.0",
        "send": "0.2.0",
        "serve-static": "1.0.1",
        "type-is": "1.0.0",
        "utils-merge": "1.0.0"
      },
      "dependencies": {
        "accepts": {
          "version": "1.0.0",
          "resolved": "https://registry.npmjs.org/accepts/-/accepts-1.0.0.tgz",
          "integrity": "sha1-NgTHZVhsO5z3h3tpN829RYf5R9w=",
          "requires": {
            "mime": "~1.2.11",
            "negotiator": "~0.3.0"
          },
          "dependencies": {
            "mime": {
              "version": "1.2.11",
              "resolved": "https://registry.npmjs.org/mime/-/mime-1.2.11.tgz",
              "integrity": "sha1-WCA+7Ybjpe8XrtK32evUfwpg3RA="
            },
            "negotiator": {
              "version": "0.3.0",
              "resolved": "https://registry.npmjs.org/negotiator/-/negotiator-0.3.0.tgz",
              "integrity": "sha1-cG1pLv7d9XTVfqn7GriaT6fuj2A="
            }
          }
        },
        "buffer-crc32": {
          "version": "0.2.1",
          "resolved": "https://registry.npmjs.org/buffer-crc32/-/buffer-crc32-0.2.1.tgz",
          "integrity": "sha1-vj5TgvwCttYySVasGvmKqYsIU0w="
        },
        "cookie": {
          "version": "0.1.0",
          "resolved": "https://registry.npmjs.org/cookie/-/cookie-0.1.0.tgz",
          "integrity": "sha1-kOtGndzpBchm3mh+/EMTHYgB+dA="
        },
        "cookie-signature": {
          "version": "1.0.3",
          "resolved": "https://registry.npmjs.org/cookie-signature/-/cookie-signature-1.0.3.tgz",
          "integrity": "sha1-kc2ZfMUftkFZVzjGnNoCAyj1D/k="
        },
        "escape-html": {
          "version": "1.0.1",
          "resolved": "https://registry.npmjs.org/escape-html/-/escape-html-1.0.1.tgz",
          "integrity": "sha1-GBoobq05ejmpKFfPsdQwUuNWv/A="
        },
        "fresh": {
          "version": "0.2.2",
          "resolved": "https://registry.npmjs.org/fresh/-/fresh-0.2.2.tgz",
          "integrity": "sha1-lzHc9WeMf660T7kDxPct9VGH+nc="
        },
        "merge-descriptors": {
          "version": "0.0.2",
          "resolved": "https://registry.npmjs.org/merge-descriptors/-/merge-descriptors-0.0.2.tgz",
          "integrity": "sha1-w2pSp4FDdRPFcnXzndnTF1FKyMc="
        },
        "methods": {
          "version": "0.1.0",
          "resolved": "https://registry.npmjs.org/methods/-/methods-0.1.0.tgz",
          "integrity": "sha1-M11Cnu/SG3us8unJIqjSvRSjDk8="
        },
        "parseurl": {
          "version": "1.0.1",
          "resolved": "https://registry.npmjs.org/parseurl/-/parseurl-1.0.1.tgz",
          "integrity": "sha1-Llfc5u/dN8NRhwEDCUTCK/OIt7Q="
        },
        "path-to-regexp": {
          "version": "0.1.2",
          "resolved": "https://registry.npmjs.org/path-to-regexp/-/path-to-regexp-0.1.2.tgz",
          "integrity": "sha1-mysVH5zDAYye6lDKlXKeBXgXErQ="
        },
        "qs": {
          "version": "0.6.6",
          "resolved": "https://registry.npmjs.org/qs/-/qs-0.6.6.tgz",
          "integrity": "sha1-bgFQmP9RlouKPIGQAdXyyJvEsQc="
        },
        "range-parser": {
          "version": "1.0.0",
          "resolved": "https://registry.npmjs.org/range-parser/-/range-parser-1.0.0.tgz",
          "integrity": "sha1-pLJkz+C+XONqvjdlrJwqJIdG28A="
        },
        "send": {
          "version": "0.2.0",
          "resolved": "https://registry.npmjs.org/send/-/send-0.2.0.tgz",
          "integrity": "sha1-Bnq/Rc/4v/spy9t0OXJbMjiKLFg=",
          "requires": {
            "debug": "*",
            "fresh": "~0.2.1",
            "mime": "~1.2.9",
            "range-parser": "~1.0.0"
          },
          "dependencies": {
            "mime": {
              "version": "1.2.11",
              "resolved": "https://registry.npmjs.org/mime/-/mime-1.2.11.tgz",
              "integrity": "sha1-WCA+7Ybjpe8XrtK32evUfwpg3RA="
            }
          }
        },
        "serve-static": {
          "version": "1.0.1",
          "resolved": "https://registry.npmjs.org/serve-static/-/serve-static-1.0.1.tgz",
          "integrity": "sha1-ENy/1Es+ApGhMfyatKslqfWnikI=",
          "requires": {
            "send": "0.1.4"
          },
          "dependencies": {
            "send": {
              "version": "0.1.4",
              "resolved": "https://registry.npmjs.org/send/-/send-0.1.4.tgz",
              "integrity": "sha1-vnDY0b4B3mGCGvE3gLUDRaT3Gr0=",
              "requires": {
                "debug": "*",
                "fresh": "0.2.0",
                "mime": "~1.2.9",
                "range-parser": "0.0.4"
              },
              "dependencies": {
                "fresh": {
                  "version": "0.2.0",
                  "resolved": "https://registry.npmjs.org/fresh/-/fresh-0.2.0.tgz",
                  "integrity": "sha1-v9lALPPfEsSkwxDHn5mj3eE9NKc="
                },
                "mime": {
                  "version": "1.2.11",
                  "resolved": "https://registry.npmjs.org/mime/-/mime-1.2.11.tgz",
                  "integrity": "sha1-WCA+7Ybjpe8XrtK32evUfwpg3RA="
                },
                "range-parser": {
                  "version": "0.0.4",
                  "resolved": "https://registry.npmjs.org/range-parser/-/range-parser-0.0.4.tgz",
                  "integrity": "sha1-wEJ//vUcEKy6B4KkbJYC50T/Ygs="
                }
              }
            }
          }
        },
        "type-is": {
          "version": "1.0.0",
          "resolved": "https://registry.npmjs.org/type-is/-/type-is-1.0.0.tgz",
          "integrity": "sha1-T/Qk6XNJoe4ZELS/xIhZXs3EQ/w=",
          "requires": {
            "mime": "~1.2.11"
          },
          "dependencies": {
            "mime": {
              "version": "1.2.11",
              "resolved": "https://registry.npmjs.org/mime/-/mime-1.2.11.tgz",
              "integrity": "sha1-WCA+7Ybjpe8XrtK32evUfwpg3RA="
            }
          }
        },
        "utils-merge": {
          "version": "1.0.0",
          "resolved": "https://registry.npmjs.org/utils-merge/-/utils-merge-1.0.0.tgz",
          "integrity": "sha1-ApT7kiu5N1FTVBxPcJYjHyh8ivg="
        }
      }
    },
    "express.io": {
      "version": "1.1.13",
      "resolved": "https://registry.npmjs.org/express.io/-/express.io-1.1.13.tgz",
      "integrity": "sha1-z9YKJFS9MzN9jM2Y7ZfD57z+XR8=",
      "requires": {
        "async": "0.1.22",
        "coffee-script": "1.4.0",
        "express": "~3.4.0",
        "socket.io": "~0.9.16",
        "underscore": "1.4.3"
      },
      "dependencies": {
        "async": {
          "version": "0.1.22",
          "resolved": "https://registry.npmjs.org/async/-/async-0.1.22.tgz",
          "integrity": "sha1-D8GqoIig4+8Ovi2IMbqw3PiEUGE="
        },
        "coffee-script": {
          "version": "1.4.0",
          "resolved": "https://registry.npmjs.org/coffee-script/-/coffee-script-1.4.0.tgz",
          "integrity": "sha1-XjvIqsJsAajie/EHcixWVfWtfTY="
        },
        "express": {
          "version": "3.4.8",
          "resolved": "https://registry.npmjs.org/express/-/express-3.4.8.tgz",
          "integrity": "sha1-qnqJht4HBTM39Lxe2aZFPZzI4uE=",
          "requires": {
            "buffer-crc32": "0.2.1",
            "commander": "1.3.2",
            "connect": "2.12.0",
            "cookie": "0.1.0",
            "cookie-signature": "1.0.1",
            "debug": ">= 0.7.3 < 1",
            "fresh": "0.2.0",
            "merge-descriptors": "0.0.1",
            "methods": "0.1.0",
            "mkdirp": "0.3.5",
            "range-parser": "0.0.4",
            "send": "0.1.4"
          },
          "dependencies": {
            "buffer-crc32": {
              "version": "0.2.1",
              "resolved": "https://registry.npmjs.org/buffer-crc32/-/buffer-crc32-0.2.1.tgz",
              "integrity": "sha1-vj5TgvwCttYySVasGvmKqYsIU0w="
            },
            "commander": {
              "version": "1.3.2",
              "resolved": "https://registry.npmjs.org/commander/-/commander-1.3.2.tgz",
              "integrity": "sha1-io8w7GcKb91kr1LxkUuQfXnq1bU=",
              "requires": {
                "keypress": "0.1.x"
              },
              "dependencies": {
                "keypress": {
                  "version": "0.1.0",
                  "resolved": "https://registry.npmjs.org/keypress/-/keypress-0.1.0.tgz",
                  "integrity": "sha1-SjGI1CkbZrT2XtuZ+AaqmuKTWSo="
                }
              }
            },
            "connect": {
              "version": "2.12.0",
              "resolved": "https://registry.npmjs.org/connect/-/connect-2.12.0.tgz",
              "integrity": "sha1-Mdj6DcrN8ZCNgivSkjvootKn7Zo=",
              "requires": {
                "batch": "0.5.0",
                "buffer-crc32": "0.2.1",
                "bytes": "0.2.1",
                "cookie": "0.1.0",
                "cookie-signature": "1.0.1",
                "debug": ">= 0.7.3 < 1",
                "fresh": "0.2.0",
                "methods": "0.1.0",
                "multiparty": "2.2.0",
                "negotiator": "0.3.0",
                "pause": "0.0.1",
                "qs": "0.6.6",
                "raw-body": "1.1.2",
                "send": "0.1.4",
                "uid2": "0.0.3"
              },
              "dependencies": {
                "batch": {
                  "version": "0.5.0",
                  "resolved": "https://registry.npmjs.org/batch/-/batch-0.5.0.tgz",
                  "integrity": "sha1-/S4Fp6XWlrTbkxQBPihdj/NVfsM="
                },
                "bytes": {
                  "version": "0.2.1",
                  "resolved": "https://registry.npmjs.org/bytes/-/bytes-0.2.1.tgz",
                  "integrity": "sha1-VVsIq8sGP4l1kFMCUj5M1P/f3zE="
                },
                "multiparty": {
                  "version": "2.2.0",
                  "resolved": "https://registry.npmjs.org/multiparty/-/multiparty-2.2.0.tgz",
                  "integrity": "sha1-pWfCrwAK0i3I8qZT2Rl4rh9TFvQ=",
                  "requires": {
                    "readable-stream": "~1.1.9",
                    "stream-counter": "~0.2.0"
                  },
                  "dependencies": {
                    "readable-stream": {
                      "version": "1.1.13",
                      "resolved": "https://registry.npmjs.org/readable-stream/-/readable-stream-1.1.13.tgz",
                      "integrity": "sha1-9u73ZPUUyJ4rniMUanW6EGdW0j4=",
                      "requires": {
                        "core-util-is": "~1.0.0",
                        "inherits": "~2.0.1",
                        "isarray": "0.0.1",
                        "string_decoder": "~0.10.x"
                      },
                      "dependencies": {
                        "core-util-is": {
                          "version": "1.0.1",
                          "resolved": "https://registry.npmjs.org/core-util-is/-/core-util-is-1.0.1.tgz",
                          "integrity": "sha1-awcIWu+aPMrG7lO/nT3wwVIaVTg="
                        },
                        "inherits": {
                          "version": "2.0.1",
                          "resolved": "https://registry.npmjs.org/inherits/-/inherits-2.0.1.tgz",
                          "integrity": "sha1-sX0I0ya0Qj5Wjv9xn5GwscvfafE="
                        },
                        "isarray": {
                          "version": "0.0.1",
                          "resolved": "https://registry.npmjs.org/isarray/-/isarray-0.0.1.tgz",
                          "integrity": "sha1-ihis/Kmo9Bd+Cav8YDiTmwXR7t8="
                        },
                        "string_decoder": {
                          "version": "0.10.31",
                          "resolved": "https://registry.npmjs.org/string_decoder/-/string_decoder-0.10.31.tgz",
                          "integrity": "sha1-YuIDvEF2bGwoyfyEMB2rHFMQ+pQ="
                        }
                      }
                    },
                    "stream-counter": {
                      "version": "0.2.0",
                      "resolved": "https://registry.npmjs.org/stream-counter/-/stream-counter-0.2.0.tgz",
                      "integrity": "sha1-3tJmVWMZyLDiIoErnPOyb6fZR94=",
                      "requires": {
                        "readable-stream": "~1.1.8"
                      }
                    }
                  }
                },
                "negotiator": {
                  "version": "0.3.0",
                  "resolved": "https://registry.npmjs.org/negotiator/-/negotiator-0.3.0.tgz",
                  "integrity": "sha1-cG1pLv7d9XTVfqn7GriaT6fuj2A="
                },
                "pause": {
                  "version": "0.0.1",
                  "resolved": "https://registry.npmjs.org/pause/-/pause-0.0.1.tgz",
                  "integrity": "sha1-HUCLP9t2kjuVQ9lvtMnf1TXZy10="
                },
                "qs": {
                  "version": "0.6.6",
                  "resolved": "https://registry.npmjs.org/qs/-/qs-0.6.6.tgz",
                  "integrity": "sha1-bgFQmP9RlouKPIGQAdXyyJvEsQc="
                },
                "raw-body": {
                  "version": "1.1.2",
                  "resolved": "https://registry.npmjs.org/raw-body/-/raw-body-1.1.2.tgz",
                  "integrity": "sha1-x0swBN6l3v0WlhcRBqx0DsMdYr4=",
                  "requires": {
                    "bytes": "~0.2.1"
                  }
                },
                "uid2": {
                  "version": "0.0.3",
                  "resolved": "https://registry.npmjs.org/uid2/-/uid2-0.0.3.tgz",
                  "integrity": "sha1-SDEm4Rd03y9xuLY53NeZw3YWK4I="
                }
              }
            },
            "cookie": {
              "version": "0.1.0",
              "resolved": "https://registry.npmjs.org/cookie/-/cookie-0.1.0.tgz",
              "integrity": "sha1-kOtGndzpBchm3mh+/EMTHYgB+dA="
            },
            "cookie-signature": {
              "version": "1.0.1",
              "resolved": "https://registry.npmjs.org/cookie-signature/-/cookie-signature-1.0.1.tgz",
              "integrity": "sha1-ROByFIrwHm6OJK+/EmkNaK5pjss="
            },
            "fresh": {
              "version": "0.2.0",
              "resolved": "https://registry.npmjs.org/fresh/-/fresh-0.2.0.tgz",
              "integrity": "sha1-v9lALPPfEsSkwxDHn5mj3eE9NKc="
            },
            "merge-descriptors": {
              "version": "0.0.1",
              "resolved": "https://registry.npmjs.org/merge-descriptors/-/merge-descriptors-0.0.1.tgz",
              "integrity": "sha1-L/CYDJJM+B0LXR+2ARd8uLtWwNA="
            },
            "methods": {
              "version": "0.1.0",
              "resolved": "https://registry.npmjs.org/methods/-/methods-0.1.0.tgz",
              "integrity": "sha1-M11Cnu/SG3us8unJIqjSvRSjDk8="
            },
            "mkdirp": {
              "version": "0.3.5",
              "resolved": "https://registry.npmjs.org/mkdirp/-/mkdirp-0.3.5.tgz",
              "integrity": "sha1-3j5fiWHIjHh+4TaN+EmsRBPsqNc="
            },
            "range-parser": {
              "version": "0.0.4",
              "resolved": "https://registry.npmjs.org/range-parser/-/range-parser-0.0.4.tgz",
              "integrity": "sha1-wEJ//vUcEKy6B4KkbJYC50T/Ygs="
            },
            "send": {
              "version": "0.1.4",
              "resolved": "https://registry.npmjs.org/send/-/send-0.1.4.tgz",
              "integrity": "sha1-vnDY0b4B3mGCGvE3gLUDRaT3Gr0=",
              "requires": {
                "debug": "*",
                "fresh": "0.2.0",
                "mime": "~1.2.9",
                "range-parser": "0.0.4"
              },
              "dependencies": {
                "mime": {
                  "version": "1.2.11",
                  "resolved": "https://registry.npmjs.org/mime/-/mime-1.2.11.tgz",
                  "integrity": "sha1-WCA+7Ybjpe8XrtK32evUfwpg3RA="
                }
              }
            }
          }
        },
        "socket.io": {
          "version": "0.9.17",
          "resolved": "https://registry.npmjs.org/socket.io/-/socket.io-0.9.17.tgz",
          "integrity": "sha1-yjiSaPss1d9LWSGEkKCMkHWByew=",
          "requires": {
            "base64id": "0.1.0",
            "policyfile": "0.0.4",
            "redis": "0.7.3",
            "socket.io-client": "0.9.16"
          },
          "dependencies": {
            "base64id": {
              "version": "0.1.0",
              "resolved": "https://registry.npmjs.org/base64id/-/base64id-0.1.0.tgz",
              "integrity": "sha1-As4P3u4M709ACA4ec+g08LG/zj8="
            },
            "policyfile": {
              "version": "0.0.4",
              "resolved": "https://registry.npmjs.org/policyfile/-/policyfile-0.0.4.tgz",
              "integrity": "sha1-1rgurZiueeviKOLa9ZAzEeyYLk0="
            },
            "redis": {
              "version": "0.7.3",
              "resolved": "https://registry.npmjs.org/redis/-/redis-0.7.3.tgz",
              "integrity": "sha1-7le3pE0l7BWU5ENl2BZfp9HUgRo=",
              "optional": true
            },
            "socket.io-client": {
              "version": "0.9.16",
              "resolved": "https://registry.npmjs.org/socket.io-client/-/socket.io-client-0.9.16.tgz",
              "integrity": "sha1-TadRXF53MEHRtCOXBBW8xDDzX8Y=",
              "requires": {
                "active-x-obfuscator": "0.0.1",
                "uglify-js": "1.2.5",
                "ws": "0.4.x",
                "xmlhttprequest": "1.4.2"
              },
              "dependencies": {
                "active-x-obfuscator": {
                  "version": "0.0.1",
                  "resolved": "https://registry.npmjs.org/active-x-obfuscator/-/active-x-obfuscator-0.0.1.tgz",
                  "integrity": "sha1-CJuJs3FF/x2ex0r2UwvlUmyuHxo=",
                  "requires": {
                    "zeparser": "0.0.5"
                  },
                  "dependencies": {
                    "zeparser": {
                      "version": "0.0.5",
                      "resolved": "https://registry.npmjs.org/zeparser/-/zeparser-0.0.5.tgz",
                      "integrity": "sha1-A3JlYbwmjy5URPVMZlt/1KjAKeI="
                    }
                  }
                },
                "uglify-js": {
                  "version": "1.2.5",
                  "resolved": "https://registry.npmjs.org/uglify-js/-/uglify-js-1.2.5.tgz",
                  "integrity": "sha1-tULCx29477NLIAsgF3Y0Mw/3ArY="
                },
                "ws": {
                  "version": "0.4.32",
                  "resolved": "https://registry.npmjs.org/ws/-/ws-0.4.32.tgz",
                  "integrity": "sha1-eHphVEFPPJntg8V3IVOyD+sM7DI=",
                  "requires": {
                    "commander": "~2.1.0",
                    "nan": "~1.0.0",
                    "options": ">=0.0.5",
                    "tinycolor": "0.x"
                  },
                  "dependencies": {
                    "commander": {
                      "version": "2.1.0",
                      "resolved": "https://registry.npmjs.org/commander/-/commander-2.1.0.tgz",
                      "integrity": "sha1-0SG7roYNmZKj1Re6lvVliOR8Z4E="
                    },
                    "nan": {
                      "version": "1.0.0",
                      "resolved": "https://registry.npmjs.org/nan/-/nan-1.0.0.tgz",
                      "integrity": "sha1-riT4hQgY1mL8q1rPfzuVv6oszzg="
                    },
                    "options": {
                      "version": "0.0.6",
                      "resolved": "https://registry.npmjs.org/options/-/options-0.0.6.tgz",
                      "integrity": "sha1-7CLTEoBrtT5zF3Pnza788cZDEo8="
                    },
                    "tinycolor": {
                      "version": "0.0.1",
                      "resolved": "https://registry.npmjs.org/tinycolor/-/tinycolor-0.0.1.tgz",
                      "integrity": "sha1-MgtaUtg6u1l42Bo+iH1K77FaYWQ="
                    }
                  }
                },
                "xmlhttprequest": {
                  "version": "1.4.2",
                  "resolved": "https://registry.npmjs.org/xmlhttprequest/-/xmlhttprequest-1.4.2.tgz",
                  "integrity": "sha1-AUU6HZvtHo8XL2SVu/TIxCYyFQA="
                }
              }
            }
          }
        },
        "underscore": {
          "version": "1.4.3",
          "resolved": "https://registry.npmjs.org/underscore/-/underscore-1.4.3.tgz",
          "integrity": "sha1-s9Cqoe502IbqTyZIAhpPitd57R0="
        }
      }
    },
    "i18n-2": {
      "version": "0.4.6",
      "resolved": "https://registry.npmjs.org/i18n-2/-/i18n-2-0.4.6.tgz",
      "integrity": "sha1-89cI1a/d3QEzAI3ZcBqEXkFVQKc=",
      "requires": {
        "sprintf": ">=0.1.1"
      },
      "dependencies": {
        "sprintf": {
          "version": "0.1.4",
          "resolved": "https://registry.npmjs.org/sprintf/-/sprintf-0.1.4.tgz",
          "integrity": "sha1-b4cKj0quHH/lPu4Ctsoxqi14hjs="
        }
      }
    },
    "mocha": {
      "version": "2.0.1",
      "resolved": "https://registry.npmjs.org/mocha/-/mocha-2.0.1.tgz",
      "integrity": "sha1-Whboi4VtDEFF2MaIjCfr1PqxPpA=",
      "requires": {
        "commander": "2.3.0",
        "debug": "2.0.0",
        "diff": "1.0.8",
        "escape-string-regexp": "1.0.2",
        "glob": "3.2.3",
        "growl": "1.8.1",
        "jade": "0.26.3",
        "mkdirp": "0.5.0"
      },
      "dependencies": {
        "commander": {
          "version": "2.3.0",
          "resolved": "https://registry.npmjs.org/commander/-/commander-2.3.0.tgz",
          "integrity": "sha1-/UMOiJgy7DU7ms0d4hfBHLPu+HM="
        },
        "debug": {
          "version": "2.0.0",
          "resolved": "https://registry.npmjs.org/debug/-/debug-2.0.0.tgz",
          "integrity": "sha1-ib2d9nMrUSVrxnBTQrugLtEhMe8=",
          "requires": {
            "ms": "0.6.2"
          },
          "dependencies": {
            "ms": {
              "version": "0.6.2",
              "resolved": "https://registry.npmjs.org/ms/-/ms-0.6.2.tgz",
              "integrity": "sha1-2JwhJMb9wTU9Zai3e/GqxLGTcIw="
            }
          }
        },
        "diff": {
          "version": "1.0.8",
          "resolved": "https://registry.npmjs.org/diff/-/diff-1.0.8.tgz",
          "integrity": "sha1-NDJ2MI7Jkbe8giZ+1VvBQR+XFmY="
        },
        "escape-string-regexp": {
          "version": "1.0.2",
          "resolved": "https://registry.npmjs.org/escape-string-regexp/-/escape-string-regexp-1.0.2.tgz",
          "integrity": "sha1-Tbwv5nTnGUnK8/smlc5/LcHZqNE="
        },
        "glob": {
          "version": "3.2.3",
          "resolved": "https://registry.npmjs.org/glob/-/glob-3.2.3.tgz",
          "integrity": "sha1-4xPusknHr/qlxHUoaw4RW1mDlGc=",
          "requires": {
            "graceful-fs": "~2.0.0",
            "inherits": "2",
            "minimatch": "~0.2.11"
          },
          "dependencies": {
            "graceful-fs": {
              "version": "2.0.3",
              "resolved": "https://registry.npmjs.org/graceful-fs/-/graceful-fs-2.0.3.tgz",
              "integrity": "sha1-fNLNsiiko/Nule+mzBQt59GhNtA="
            },
            "inherits": {
              "version": "2.0.1",
              "resolved": "https://registry.npmjs.org/inherits/-/inherits-2.0.1.tgz",
              "integrity": "sha1-sX0I0ya0Qj5Wjv9xn5GwscvfafE="
            },
            "minimatch": {
              "version": "0.2.14",
              "resolved": "https://registry.npmjs.org/minimatch/-/minimatch-0.2.14.tgz",
              "integrity": "sha1-x054BXT2PG+aCQ6Q775u9TpqdWo=",
              "requires": {
                "lru-cache": "2",
                "sigmund": "~1.0.0"
              },
              "dependencies": {
                "lru-cache": {
                  "version": "2.5.0",
                  "resolved": "https://registry.npmjs.org/lru-cache/-/lru-cache-2.5.0.tgz",
                  "integrity": "sha1-2COIrpyWC+y+oMc7uet5tsbOmus="
                },
                "sigmund": {
                  "version": "1.0.0",
                  "resolved": "https://registry.npmjs.org/sigmund/-/sigmund-1.0.0.tgz",
                  "integrity": "sha1-ZqKzp0mui1+4nv1PzAHclPvgIpY="
                }
              }
            }
          }
        },
        "growl": {
          "version": "1.8.1",
          "resolved": "https://registry.npmjs.org/growl/-/growl-1.8.1.tgz",
          "integrity": "sha1-Sy3sjZB+k9szZiTc7AGDUC+MlCg="
        },
        "jade": {
          "version": "0.26.3",
          "resolved": "https://registry.npmjs.org/jade/-/jade-0.26.3.tgz",
          "integrity": "sha1-jxDXl32NefL2/4YqgbBRPMslaGw=",
          "requires": {
            "commander": "0.6.1",
            "mkdirp": "0.3.0"
          },
          "dependencies": {
            "commander": {
              "version": "0.6.1",
              "resolved": "https://registry.npmjs.org/commander/-/commander-0.6.1.tgz",
              "integrity": "sha1-+mihT2qUXVTbvlDYzbMyDp47GgY="
            },
            "mkdirp": {
              "version": "0.3.0",
              "resolved": "https://registry.npmjs.org/mkdirp/-/mkdirp-0.3.0.tgz",
              "integrity": "sha1-G79asbqCevI1dRQ0kEJkVfSB/h4="
            }
          }
        },
        "mkdirp": {
          "version": "0.5.0",
          "resolved": "https://registry.npmjs.org/mkdirp/-/mkdirp-0.5.0.tgz",
          "integrity": "sha1-HXMHam35hs2TROFecfzAWkyavxI=",
          "requires": {
            "minimist": "0.0.8"
          },
          "dependencies": {
            "minimist": {
              "version": "0.0.8",
              "resolved": "https://registry.npmjs.org/minimist/-/minimist-0.0.8.tgz",
              "integrity": "sha1-hX/Kv8M5fSYluCKCYuhqp6ARsF0="
            }
          }
        }
      }
    },
    "moment": {
      "version": "2.8.3",
      "resolved": "https://registry.npmjs.org/moment/-/moment-2.8.3.tgz",
      "integrity": "sha1-oBQnv4kQ8BT8S6objZbxf34/KaI="
    },
    "morgan": {
      "version": "1.0.1",
      "resolved": "https://registry.npmjs.org/morgan/-/morgan-1.0.1.tgz",
      "integrity": "sha1-glCl1xHeYlRTAilFNE1NZ2JjDGQ=",
      "requires": {
        "bytes": "0.3.0"
      },
      "dependencies": {
        "bytes": {
          "version": "0.3.0",
          "resolved": "https://registry.npmjs.org/bytes/-/bytes-0.3.0.tgz",
          "integrity": "sha1-eOLg4ox/nHuYjqiu4NtNX6mUGTU="
        }
      }
    },
    "nodemailer": {
      "version": "0.6.5",
      "resolved": "https://registry.npmjs.org/nodemailer/-/nodemailer-0.6.5.tgz",
      "integrity": "sha1-18yuckWalEy5fda3XuA3YnDV9Xw=",
      "requires": {
        "directmail": "~0.1.7",
        "he": "~0.3.6",
        "mailcomposer": "~0.2.10",
        "public-address": "~0.1.1",
        "readable-stream": "~1.1.9",
        "simplesmtp": "~0.2 || ~0.3.30"
      },
      "dependencies": {
        "directmail": {
          "version": "0.1.8",
          "resolved": "https://registry.npmjs.org/directmail/-/directmail-0.1.8.tgz",
          "integrity": "sha1-5IUsigxVGb70kE/Nltdggi9CpEY=",
          "requires": {
            "simplesmtp": "~0.3.30"
          }
        },
        "he": {
          "version": "0.3.6",
          "resolved": "https://registry.npmjs.org/he/-/he-0.3.6.tgz",
          "integrity": "sha1-nXvERud5Y5MzAd1gLVcxy4YRNeA="
        },
        "mailcomposer": {
          "version": "0.2.12",
          "resolved": "https://registry.npmjs.org/mailcomposer/-/mailcomposer-0.2.12.tgz",
          "integrity": "sha1-TQKmBGFq3LRfs203UT9MG9C3VoE=",
          "requires": {
            "dkim-signer": "~0.1.1",
            "follow-redirects": "0.0.3",
            "he": "~0.3.6",
            "mime": "~1.2.11",
            "mimelib": "~0.2.15"
          },
          "dependencies": {
            "dkim-signer": {
              "version": "0.1.2",
              "resolved": "https://registry.npmjs.org/dkim-signer/-/dkim-signer-0.1.2.tgz",
              "integrity": "sha1-L/XWHIfY+/9aixMc/8XsO6HCVVM=",
              "requires": {
                "mimelib": "~0.2.15",
                "punycode": "~1.2.4"
              },
              "dependencies": {
                "punycode": {
                  "version": "1.2.4",
                  "resolved": "https://registry.npmjs.org/punycode/-/punycode-1.2.4.tgz",
                  "integrity": "sha1-VACKyXKux0F13vnLpt9/qdORh0A="
                }
              }
            },
            "follow-redirects": {
              "version": "0.0.3",
              "resolved": "https://registry.npmjs.org/follow-redirects/-/follow-redirects-0.0.3.tgz",
              "integrity": "sha1-bOZ6JNsf4T8ibBFxpyp+8rF7j2U=",
              "requires": {
                "underscore": "^1.7.0"
              },
              "dependencies": {
                "underscore": {
                  "version": "1.7.0",
                  "resolved": "https://registry.npmjs.org/underscore/-/underscore-1.7.0.tgz",
                  "integrity": "sha1-a7rwh3UA02vjTsqlhODbn+8DUgk="
                }
              }
            },
            "mime": {
              "version": "1.2.11",
              "resolved": "https://registry.npmjs.org/mime/-/mime-1.2.11.tgz",
              "integrity": "sha1-WCA+7Ybjpe8XrtK32evUfwpg3RA="
            },
            "mimelib": {
              "version": "0.2.18",
              "resolved": "https://registry.npmjs.org/mimelib/-/mimelib-0.2.18.tgz",
              "integrity": "sha1-LmMaPbRJAm/LhQmTmLe9dQ6sRqc=",
              "requires": {
                "addressparser": "~0.2.1",
                "encoding": "~0.1.7"
              },
              "dependencies": {
                "addressparser": {
                  "version": "0.2.1",
                  "resolved": "https://registry.npmjs.org/addressparser/-/addressparser-0.2.1.tgz",
                  "integrity": "sha1-0RpbLu2gTP7+vfMZbBCuE9ts1gc="
                },
                "encoding": {
                  "version": "0.1.11",
                  "resolved": "https://registry.npmjs.org/encoding/-/encoding-0.1.11.tgz",
                  "integrity": "sha1-UsZawVqrRn8TOEUeJhX5iOzMAlg=",
                  "requires": {
                    "iconv-lite": "~0.4.4"
                  },
                  "dependencies": {
                    "iconv-lite": {
                      "version": "0.4.4",
                      "resolved": "https://registry.npmjs.org/iconv-lite/-/iconv-lite-0.4.4.tgz",
                      "integrity": "sha1-6V8uQdsHNfwhZS94J6XuMuY8g6g="
                    }
                  }
                }
              }
            }
          }
        },
        "public-address": {
          "version": "0.1.1",
          "resolved": "https://registry.npmjs.org/public-address/-/public-address-0.1.1.tgz",
          "integrity": "sha1-WL3qMjyIKHtpFBWTEkVLgEyp7q8="
        },
        "readable-stream": {
          "version": "1.1.13",
          "resolved": "https://registry.npmjs.org/readable-stream/-/readable-stream-1.1.13.tgz",
          "integrity": "sha1-9u73ZPUUyJ4rniMUanW6EGdW0j4=",
          "optional": true,
          "requires": {
            "core-util-is": "~1.0.0",
            "inherits": "~2.0.1",
            "isarray": "0.0.1",
            "string_decoder": "~0.10.x"
          },
          "dependencies": {
            "core-util-is": {
              "version": "1.0.1",
              "resolved": "https://registry.npmjs.org/core-util-is/-/core-util-is-1.0.1.tgz",
              "integrity": "sha1-awcIWu+aPMrG7lO/nT3wwVIaVTg=",
              "optional": true
            },
            "inherits": {
              "version": "2.0.1",
              "resolved": "https://registry.npmjs.org/inherits/-/inherits-2.0.1.tgz",
              "integrity": "sha1-sX0I0ya0Qj5Wjv9xn5GwscvfafE=",
              "optional": true
            },
            "isarray": {
              "version": "0.0.1",
              "resolved": "https://registry.npmjs.org/isarray/-/isarray-0.0.1.tgz",
              "integrity": "sha1-ihis/Kmo9Bd+Cav8YDiTmwXR7t8=",
              "optional": true
            },
            "string_decoder": {
              "version": "0.10.31",
              "resolved": "https://registry.npmjs.org/string_decoder/-/string_decoder-0.10.31.tgz",
              "integrity": "sha1-YuIDvEF2bGwoyfyEMB2rHFMQ+pQ=",
              "optional": true
            }
          }
        },
        "simplesmtp": {
          "version": "0.3.33",
          "resolved": "https://registry.npmjs.org/simplesmtp/-/simplesmtp-0.3.33.tgz",
          "integrity": "sha1-8l4SQx2MY2N1XBBllbmY9fllqtk=",
          "requires": {
            "rai": "~0.1.11",
            "xoauth2": "~0.1.8"
          },
          "dependencies": {
            "rai": {
              "version": "0.1.11",
              "resolved": "https://registry.npmjs.org/rai/-/rai-0.1.11.tgz",
              "integrity": "sha1-6gujDO7Pt3pG07LYSePUJJ0FYig="
            },
            "xoauth2": {
              "version": "0.1.8",
              "resolved": "https://registry.npmjs.org/xoauth2/-/xoauth2-0.1.8.tgz",
              "integrity": "sha1-uRb/EOz7VDIPFvJKPpdRIGU6sNI="
            }
          }
        }
      }
    },
    "passport": {
      "version": "0.2.1",
      "resolved": "https://registry.npmjs.org/passport/-/passport-0.2.1.tgz",
      "integrity": "sha1-p9NMB7MPtgW+iF7byMk+UULjhXQ=",
      "requires": {
        "passport-strategy": "1.x.x",
        "pause": "0.0.1"
      },
      "dependencies": {
        "passport-strategy": {
          "version": "1.0.0",
          "resolved": "https://registry.npmjs.org/passport-strategy/-/passport-strategy-1.0.0.tgz",
          "integrity": "sha1-tVOaqPwiWj0a0XlHbd8ja0QPUuQ="
        },
        "pause": {
          "version": "0.0.1",
          "resolved": "https://registry.npmjs.org/pause/-/pause-0.0.1.tgz",
          "integrity": "sha1-HUCLP9t2kjuVQ9lvtMnf1TXZy10="
        }
      }
    },
    "passport-local": {
      "version": "1.0.0",
      "resolved": "https://registry.npmjs.org/passport-local/-/passport-local-1.0.0.tgz",
      "integrity": "sha1-H+YyaMkudWBmJkN+O5BmYsFbpu4=",
      "requires": {
        "passport-strategy": "1.x.x"
      },
      "dependencies": {
        "passport-strategy": {
          "version": "1.0.0",
          "resolved": "https://registry.npmjs.org/passport-strategy/-/passport-strategy-1.0.0.tgz",
          "integrity": "sha1-tVOaqPwiWj0a0XlHbd8ja0QPUuQ="
        }
      }
    },
    "pg": {
      "version": "3.6.3",
      "resolved": "https://registry.npmjs.org/pg/-/pg-3.6.3.tgz",
      "integrity": "sha1-igechkeVNzjrjkjANmFCBRVj70o=",
      "requires": {
        "bindings": "1.2.1",
        "buffer-writer": "1.0.0",
        "generic-pool": "2.1.1",
        "nan": "1.3.0",
        "packet-reader": "0.2.0",
        "pg-connection-string": "0.1.3",
        "pg-types": "1.6.0",
        "pgpass": "0.0.3"
      },
      "dependencies": {
        "bindings": {
          "version": "1.2.1",
          "resolved": "https://registry.npmjs.org/bindings/-/bindings-1.2.1.tgz",
          "integrity": "sha1-FK1hE4EtLTfXLme0ystLtyZQXxE="
        },
        "buffer-writer": {
          "version": "1.0.0",
          "resolved": "https://registry.npmjs.org/buffer-writer/-/buffer-writer-1.0.0.tgz",
          "integrity": "sha1-bCnDst6gyeRVofJhoZmkigT4iwg="
        },
        "generic-pool": {
          "version": "2.1.1",
          "resolved": "https://registry.npmjs.org/generic-pool/-/generic-pool-2.1.1.tgz",
          "integrity": "sha1-rwTcLDJc/Ll1Aj+lK/zpYXp0Nf0="
        },
        "nan": {
          "version": "1.3.0",
          "resolved": "https://registry.npmjs.org/nan/-/nan-1.3.0.tgz",
          "integrity": "sha1-mluNXvl6EN8wUOWbLDYtO693l0I="
        },
        "packet-reader": {
          "version": "0.2.0",
          "resolved": "https://registry.npmjs.org/packet-reader/-/packet-reader-0.2.0.tgz",
          "integrity": "sha1-gZ300BC4LV6lZx+KGjrPA5vNdwA="
        },
        "pg-connection-string": {
          "version": "0.1.3",
          "resolved": "https://registry.npmjs.org/pg-connection-string/-/pg-connection-string-0.1.3.tgz",
          "integrity": "sha1-2hhHsglA5C7hSSvq9l1J2RskXfc="
        },
        "pg-types": {
          "version": "1.6.0",
          "resolved": "https://registry.npmjs.org/pg-types/-/pg-types-1.6.0.tgz",
          "integrity": "sha1-OHKg8ZkUMCVJf07ipl/a8A1+qLM="
        },
        "pgpass": {
          "version": "0.0.3",
          "resolved": "https://registry.npmjs.org/pgpass/-/pgpass-0.0.3.tgz",
          "integrity": "sha1-EuZ+NDsxicLzEgbrycwL7//PkUA=",
          "requires": {
            "split": "~0.3"
          },
          "dependencies": {
            "split": {
              "version": "0.3.1",
              "resolved": "https://registry.npmjs.org/split/-/split-0.3.1.tgz",
              "integrity": "sha1-zrzxQr9hu7ZLFBYo5ttIKikUZUw=",
              "requires": {
                "through": "2"
              },
              "dependencies": {
                "through": {
                  "version": "2.3.6",
                  "resolved": "https://registry.npmjs.org/through/-/through-2.3.6.tgz",
                  "integrity": "sha1-JmgcD1JGcQIdTinffDa84tDs8ug="
                }
              }
            }
          }
        }
      }
    },
    "static-favicon": {
      "version": "1.0.2",
      "resolved": "https://registry.npmjs.org/static-favicon/-/static-favicon-1.0.2.tgz",
      "integrity": "sha1-fBWSDdor8z9BSw5grrvWXN0qHS8="
    },
    "swig": {
      "version": "1.4.2",
      "resolved": "https://registry.npmjs.org/swig/-/swig-1.4.2.tgz",
      "integrity": "sha1-QIXKBFM2kQS11IPihBs5t64aq6U=",
      "requires": {
        "optimist": "~0.6",
        "uglify-js": "~2.4"
      },
      "dependencies": {
        "optimist": {
          "version": "0.6.1",
          "resolved": "https://registry.npmjs.org/optimist/-/optimist-0.6.1.tgz",
          "integrity": "sha1-2j6nRob6IaGaERwybpDrFaAZZoY=",
          "requires": {
            "minimist": "~0.0.1",
            "wordwrap": "~0.0.2"
          },
          "dependencies": {
            "minimist": {
              "version": "0.0.10",
              "resolved": "https://registry.npmjs.org/minimist/-/minimist-0.0.10.tgz",
              "integrity": "sha1-3j+YVD2/lggr5IrRoMfNqDYwHc8="
            },
            "wordwrap": {
              "version": "0.0.2",
              "resolved": "https://registry.npmjs.org/wordwrap/-/wordwrap-0.0.2.tgz",
              "integrity": "sha1-t5Zpu0LstAn4PVg8rVLKF+qhZD8="
            }
          }
        },
        "uglify-js": {
          "version": "2.4.15",
          "resolved": "https://registry.npmjs.org/uglify-js/-/uglify-js-2.4.15.tgz",
          "integrity": "sha1-ErxthDRfvDBuE/cHXWQ3qL9k1+M=",
          "requires": {
            "async": "~0.2.6",
            "optimist": "~0.3.5",
            "source-map": "0.1.34",
            "uglify-to-browserify": "~1.0.0"
          },
          "dependencies": {
            "async": {
              "version": "0.2.10",
              "resolved": "https://registry.npmjs.org/async/-/async-0.2.10.tgz",
              "integrity": "sha1-trvgsGdLnXGXCMo43owjfLUmw9E="
            },
            "optimist": {
              "version": "0.3.7",
              "resolved": "https://registry.npmjs.org/optimist/-/optimist-0.3.7.tgz",
              "integrity": "sha1-yQlBrVnkJzMokjB00s8ufLxuwNk=",
              "requires": {
                "wordwrap": "~0.0.2"
              },
              "dependencies": {
                "wordwrap": {
                  "version": "0.0.2",
                  "resolved": "https://registry.npmjs.org/wordwrap/-/wordwrap-0.0.2.tgz",
                  "integrity": "sha1-t5Zpu0LstAn4PVg8rVLKF+qhZD8="
                }
              }
            },
            "source-map": {
              "version": "0.1.34",
              "resolved": "https://registry.npmjs.org/source-map/-/source-map-0.1.34.tgz",
              "integrity": "sha1-p8/omux7FoLDsZjQrPtH19CQVms=",
              "requires": {
                "amdefine": ">=0.0.4"
              },
              "dependencies": {
                "amdefine": {
                  "version": "0.1.0",
                  "resolved": "https://registry.npmjs.org/amdefine/-/amdefine-0.1.0.tgz",
                  "integrity": "sha1-PKlzXPHd4O33pL9mQXCcgCT5sic="
                }
              }
            },
            "uglify-to-browserify": {
              "version": "1.0.2",
              "resolved": "https://registry.npmjs.org/uglify-to-browserify/-/uglify-to-browserify-1.0.2.tgz",
              "integrity": "sha1-bgkk1r2mta/jSeOabWMoUKD4grc="
            }
          }
        }
      }
    }
  }
}
